
Microsoft Visual Studio Solution File, Format Version 12.00
# Visual Studio Version 17
VisualStudioVersion = 17.10.35013.160
MinimumVisualStudioVersion = 10.0.40219.1
Project("{9A19103F-16F7-4668-BE54-9A1E7A4F7556}") = "SkipListOne", "SkipListOne\SkipListOne.csproj", "{76BA54DD-71CA-4A10-AE3B-653D678D9EE1}"
EndProject
Project("{FAE04EC0-301F-11D3-BF4B-00C04F79EFBC}") = "UnitTestOne", "UnitTestOne\UnitTestOne.csproj", "{099E12C0-B212-44A8-A172-BD0F638DC1FF}"
EndProject
Global
	GlobalSection(SolutionConfigurationPlatforms) = preSolution
		Debug|Any CPU = Debug|Any CPU
		Release|Any CPU = Release|Any CPU
	EndGlobalSection
	GlobalSection(ProjectConfigurationPlatforms) = postSolution
		{76BA54DD-71CA-4A10-AE3B-653D678D9EE1}.Debug|Any CPU.ActiveCfg = Debug|Any CPU
		{76BA54DD-71CA-4A10-AE3B-653D678D9EE1}.Debug|Any CPU.Build.0 = Debug|Any CPU
		{76BA54DD-71CA-4A10-AE3B-653D678D9EE1}.Release|Any CPU.ActiveCfg = Release|Any CPU
		{76BA54DD-71CA-4A10-AE3B-653D678D9EE1}.Release|Any CPU.Build.0 = Release|Any CPU
		{099E12C0-B212-44A8-A172-BD0F638DC1FF}.Debug|Any CPU.ActiveCfg = Debug|Any CPU
		{099E12C0-B212-44A8-A172-BD0F638DC1FF}.Debug|Any CPU.Build.0 = Debug|Any CPU
		{099E12C0-B212-44A8-A172-BD0F638DC1FF}.Release|Any CPU.ActiveCfg = Release|Any CPU
		{099E12C0-B212-44A8-A172-BD0F638DC1FF}.Release|Any CPU.Build.0 = Release|Any CPU
	EndGlobalSection
	GlobalSection(SolutionProperties) = preSolution
		HideSolutionNode = FALSE
	EndGlobalSection
	GlobalSection(ExtensibilityGlobals) = postSolution
		SolutionGuid = {96F95D9F-D85F-4E81-9A50-ACFEAA528E3B}
	EndGlobalSection
EndGlobal
